
Microsoft Visual Studio Solution File, Format Version 12.00
# Visual Studio Version 16
VisualStudioVersion = 16.0.30011.22
MinimumVisualStudioVersion = 10.0.40219.1
Project("{FAE04EC0-301F-11D3-BF4B-00C04F79EFBC}") = "NoNutrientIngredients", "NoNutrientIngredients.csproj", "{0FA66C9E-79D0-4F78-BD0C-3394440A86EC}"
EndProject
Global
	GlobalSection(SolutionConfigurationPlatforms) = preSolution
		Debug|Any CPU = Debug|Any CPU
		Release|Any CPU = Release|Any CPU
	EndGlobalSection
	GlobalSection(ProjectConfigurationPlatforms) = postSolution
		{0FA66C9E-79D0-4F78-BD0C-3394440A86EC}.Debug|Any CPU.ActiveCfg = Debug|Any CPU
		{0FA66C9E-79D0-4F78-BD0C-3394440A86EC}.Debug|Any CPU.Build.0 = Debug|Any CPU
		{0FA66C9E-79D0-4F78-BD0C-3394440A86EC}.Release|Any CPU.ActiveCfg = Release|Any CPU
		{0FA66C9E-79D0-4F78-BD0C-3394440A86EC}.Release|Any CPU.Build.0 = Release|Any CPU
	EndGlobalSection
	GlobalSection(SolutionProperties) = preSolution
		HideSolutionNode = FALSE
	EndGlobalSection
	GlobalSection(ExtensibilityGlobals) = postSolution
		SolutionGuid = {2F0394C9-9173-42DD-8031-81890D5516CE}
	EndGlobalSection
EndGlobal
